
Microsoft Visual Studio Solution File, Format Version 12.00
# Visual Studio 15
VisualStudioVersion = 15.0.28307.489
MinimumVisualStudioVersion = 10.0.40219.1
Project("{FAE04EC0-301F-11D3-BF4B-00C04F79EFBC}") = "MainApp", "App1\MainApp.csproj", "{AB42AB4C-A5A7-4214-8B8B-C2CFA96B4ECF}"
EndProject
Project("{FAE04EC0-301F-11D3-BF4B-00C04F79EFBC}") = "UnitTest", "UnitTest\UnitTest.csproj", "{FA0D7F0E-6A85-4679-A4AB-E495F2D76914}"
EndProject
Project("{2150E333-8FDC-42A3-9474-1A3956D46DE8}") = "DataModel", "DataModel", "{09E423D8-49F0-42B3-8E12-6E34B0BD3B3B}"
EndProject
Project("{FAE04EC0-301F-11D3-BF4B-00C04F79EFBC}") = "DataModel", "DataModel\DataModel.csproj", "{50777D7E-34DF-46D2-8B14-EAF79D56A942}"
EndProject
Project("{2150E333-8FDC-42A3-9474-1A3956D46DE8}") = "Business Process", "Business Process", "{B209CDB9-9B02-4C79-9C76-99C419A5FE0A}"
EndProject
Project("{FAE04EC0-301F-11D3-BF4B-00C04F79EFBC}") = "BusinessProcess", "BusinessProcess\BusinessProcess.csproj", "{3DC00792-B04B-4D5C-9C38-70CC872D6965}"
EndProject
Global
	GlobalSection(SolutionConfigurationPlatforms) = preSolution
		Debug|Any CPU = Debug|Any CPU
		Release|Any CPU = Release|Any CPU
	EndGlobalSection
	GlobalSection(ProjectConfigurationPlatforms) = postSolution
		{AB42AB4C-A5A7-4214-8B8B-C2CFA96B4ECF}.Debug|Any CPU.ActiveCfg = Debug|Any CPU
		{AB42AB4C-A5A7-4214-8B8B-C2CFA96B4ECF}.Debug|Any CPU.Build.0 = Debug|Any CPU
		{AB42AB4C-A5A7-4214-8B8B-C2CFA96B4ECF}.Release|Any CPU.ActiveCfg = Release|Any CPU
		{AB42AB4C-A5A7-4214-8B8B-C2CFA96B4ECF}.Release|Any CPU.Build.0 = Release|Any CPU
		{FA0D7F0E-6A85-4679-A4AB-E495F2D76914}.Debug|Any CPU.ActiveCfg = Debug|Any CPU
		{FA0D7F0E-6A85-4679-A4AB-E495F2D76914}.Debug|Any CPU.Build.0 = Debug|Any CPU
		{FA0D7F0E-6A85-4679-A4AB-E495F2D76914}.Release|Any CPU.ActiveCfg = Release|Any CPU
		{FA0D7F0E-6A85-4679-A4AB-E495F2D76914}.Release|Any CPU.Build.0 = Release|Any CPU
		{50777D7E-34DF-46D2-8B14-EAF79D56A942}.Debug|Any CPU.ActiveCfg = Debug|Any CPU
		{50777D7E-34DF-46D2-8B14-EAF79D56A942}.Debug|Any CPU.Build.0 = Debug|Any CPU
		{50777D7E-34DF-46D2-8B14-EAF79D56A942}.Release|Any CPU.ActiveCfg = Release|Any CPU
		{50777D7E-34DF-46D2-8B14-EAF79D56A942}.Release|Any CPU.Build.0 = Release|Any CPU
		{3DC00792-B04B-4D5C-9C38-70CC872D6965}.Debug|Any CPU.ActiveCfg = Debug|Any CPU
		{3DC00792-B04B-4D5C-9C38-70CC872D6965}.Debug|Any CPU.Build.0 = Debug|Any CPU
		{3DC00792-B04B-4D5C-9C38-70CC872D6965}.Release|Any CPU.ActiveCfg = Release|Any CPU
		{3DC00792-B04B-4D5C-9C38-70CC872D6965}.Release|Any CPU.Build.0 = Release|Any CPU
	EndGlobalSection
	GlobalSection(SolutionProperties) = preSolution
		HideSolutionNode = FALSE
	EndGlobalSection
	GlobalSection(NestedProjects) = preSolution
		{50777D7E-34DF-46D2-8B14-EAF79D56A942} = {09E423D8-49F0-42B3-8E12-6E34B0BD3B3B}
		{3DC00792-B04B-4D5C-9C38-70CC872D6965} = {B209CDB9-9B02-4C79-9C76-99C419A5FE0A}
	EndGlobalSection
	GlobalSection(ExtensibilityGlobals) = postSolution
		SolutionGuid = {5C36AF0A-0FDC-4301-AF16-5A3EBE4F42E0}
	EndGlobalSection
EndGlobal
